
Microsoft Visual Studio Solution File, Format Version 12.00
# Visual Studio Version 16
VisualStudioVersion = 16.0.31424.327
MinimumVisualStudioVersion = 10.0.40219.1
Project("{8BC9CEB8-8B4A-11D0-8D11-00A0C91BC942}") = "Sandbox", "Sandbox\Sandbox.vcxproj", "{ACEB4C82-49BB-49AE-8F6B-FCFB7497D3A2}"
EndProject
Project("{8BC9CEB8-8B4A-11D0-8D11-00A0C91BC942}") = "PerspectiveEngine", "PerspectiveEngine\PerspectiveEngine.vcxproj", "{5E690859-BF3E-478C-86AE-5B65EBB20B24}"
EndProject
Global
	GlobalSection(SolutionConfigurationPlatforms) = preSolution
		Debug|x64 = Debug|x64
		Release|x64 = Release|x64
	EndGlobalSection
	GlobalSection(ProjectConfigurationPlatforms) = postSolution
		{5E690859-BF3E-478C-86AE-5B65EBB20B24}.Debug|x64.ActiveCfg = Debug|x64
		{5E690859-BF3E-478C-86AE-5B65EBB20B24}.Debug|x64.Build.0 = Debug|x64
		{5E690859-BF3E-478C-86AE-5B65EBB20B24}.Release|x64.ActiveCfg = Release|x64
		{5E690859-BF3E-478C-86AE-5B65EBB20B24}.Release|x64.Build.0 = Release|x64
		{ACEB4C82-49BB-49AE-8F6B-FCFB7497D3A2}.Debug|x64.ActiveCfg = Debug|x64
		{ACEB4C82-49BB-49AE-8F6B-FCFB7497D3A2}.Debug|x64.Build.0 = Debug|x64
		{ACEB4C82-49BB-49AE-8F6B-FCFB7497D3A2}.Release|x64.ActiveCfg = Release|x64
		{ACEB4C82-49BB-49AE-8F6B-FCFB7497D3A2}.Release|x64.Build.0 = Release|x64
	EndGlobalSection
	GlobalSection(SolutionProperties) = preSolution
		HideSolutionNode = FALSE
	EndGlobalSection
	GlobalSection(ExtensibilityGlobals) = postSolution
		SolutionGuid = {17C5C435-7FA2-4022-AC06-FEE6D02B8E62}
	EndGlobalSection
EndGlobal
